Microsoft Visual Studio Solution File, Format Version 12.00
# Visual Studio Version 17
VisualStudioVersion = 17.14.36518.9
MinimumVisualStudioVersion = 10.0.40219.1
Project("{9A19103F-16F7-4668-BE54-9A1E7A4F7556}") = "MAT.Atlas.Plugins.Samples.HelloWorld", "MAT.Atlas.Plugins.Samples.HelloWorld\MAT.Atlas.Plugins.Samples.HelloWorld.csproj", "{731083C3-DDEA-4F94-82BE-BE20E9CAA299}"
EndProject
Project("{9A19103F-16F7-4668-BE54-9A1E7A4F7556}") = "MAT.Atlas.Plugins.Samples.HelloConsole", "MAT.Atlas.Plugins.Samples.HelloConsole\MAT.Atlas.Plugins.Samples.HelloConsole.csproj", "{D1B7382E-D7E3-43C1-A99A-C48407145FFC}"
EndProject
Project("{2150E333-8FDC-42A3-9474-1A3956D46DE8}") = "Actions", "Actions", "{66E0E623-D52E-4C83-9A9D-019384DF94D9}"
	ProjectSection(SolutionItems) = preProject
		.github\workflows\Check-References.ps1 = .github\workflows\Check-References.ps1
		.github\workflows\Get-Package-Version.ps1 = .github\workflows\Get-Package-Version.ps1
		.github\workflows\pr.yml = .github\workflows\pr.yml
	EndProjectSection
EndProject
Project("{2150E333-8FDC-42A3-9474-1A3956D46DE8}") = "scripts", "scripts", "{4E609ACD-3880-443C-8987-83368614696D}"
	ProjectSection(SolutionItems) = preProject
		scripts\deploy.bat = scripts\deploy.bat
	EndProjectSection
EndProject
Project("{2150E333-8FDC-42A3-9474-1A3956D46DE8}") = "Tutorials", "Tutorials", "{7D1224A3-A217-4AB4-A0F7-FE45AA4386C4}"
EndProject
Project("{9A19103F-16F7-4668-BE54-9A1E7A4F7556}") = "DisplayPluginLibrary", "DisplayPluginLibrary\DisplayPluginLibrary.csproj", "{273CDD90-1FA3-4953-B4C6-2C2091D6BB50}"
EndProject
Project("{9A19103F-16F7-4668-BE54-9A1E7A4F7556}") = "DriverDisplayPlugin", "DriverDisplayPlugin\DriverDisplayPlugin.csproj", "{C2F063D2-7539-4C77-9DDD-E135F67049D8}"
EndProject
Project("{9A19103F-16F7-4668-BE54-9A1E7A4F7556}") = "EnhancedDisplayPlugin", "EnhancedDisplayPlugin\EnhancedDisplayPlugin.csproj", "{7F7D8F62-47B9-4A98-BA03-C479EDB70EDB}"
EndProject
Project("{9A19103F-16F7-4668-BE54-9A1E7A4F7556}") = "NumericCompareDisplayPlugin", "NumericCompareDisplayPlugin\NumericCompareDisplayPlugin.csproj", "{AF5DEE0A-1307-4B0C-A641-9E617B14E14A}"
EndProject
Project("{9A19103F-16F7-4668-BE54-9A1E7A4F7556}") = "SampleDisplayPlugin", "SampleDisplayPlugin\SampleDisplayPlugin.csproj", "{25EC5637-EA0E-438C-B0BD-6EC2F7B1CFB6}"
EndProject
Project("{9A19103F-16F7-4668-BE54-9A1E7A4F7556}") = "SimpleGaugePlugin", "SimpleGaugePlugin\SimpleGaugePlugin.csproj", "{899080EB-4531-438A-97C0-DDC890DFA5B1}"
EndProject
Project("{2150E333-8FDC-42A3-9474-1A3956D46DE8}") = "Solution Items", "Solution Items", "{8EC462FD-D22E-90A8-E5CE-7E832BA40C5D}"
	ProjectSection(SolutionItems) = preProject
		README.md = README.md
	EndProjectSection
EndProject
Project("{2150E333-8FDC-42A3-9474-1A3956D46DE8}") = "images", "images", "{02EA681E-C7D8-13C7-8484-4AC65E1B71E8}"
	ProjectSection(SolutionItems) = preProject
		images\atlaslogo.png = images\atlaslogo.png
	EndProjectSection
EndProject
Global
	GlobalSection(SolutionConfigurationPlatforms) = preSolution
		Debug|x64 = Debug|x64
		Release|x64 = Release|x64
	EndGlobalSection
	GlobalSection(ProjectConfigurationPlatforms) = postSolution
		{731083C3-DDEA-4F94-82BE-BE20E9CAA299}.Debug|x64.ActiveCfg = Debug|x64
		{731083C3-DDEA-4F94-82BE-BE20E9CAA299}.Debug|x64.Build.0 = Debug|x64
		{731083C3-DDEA-4F94-82BE-BE20E9CAA299}.Release|x64.ActiveCfg = Release|x64
		{731083C3-DDEA-4F94-82BE-BE20E9CAA299}.Release|x64.Build.0 = Release|x64
		{D1B7382E-D7E3-43C1-A99A-C48407145FFC}.Debug|x64.ActiveCfg = Debug|x64
		{D1B7382E-D7E3-43C1-A99A-C48407145FFC}.Debug|x64.Build.0 = Debug|x64
		{D1B7382E-D7E3-43C1-A99A-C48407145FFC}.Release|x64.ActiveCfg = Release|x64
		{D1B7382E-D7E3-43C1-A99A-C48407145FFC}.Release|x64.Build.0 = Release|x64
		{273CDD90-1FA3-4953-B4C6-2C2091D6BB50}.Debug|x64.ActiveCfg = Debug|x64
		{273CDD90-1FA3-4953-B4C6-2C2091D6BB50}.Debug|x64.Build.0 = Debug|x64
		{273CDD90-1FA3-4953-B4C6-2C2091D6BB50}.Release|x64.ActiveCfg = Release|x64
		{273CDD90-1FA3-4953-B4C6-2C2091D6BB50}.Release|x64.Build.0 = Release|x64
		{C2F063D2-7539-4C77-9DDD-E135F67049D8}.Debug|x64.ActiveCfg = Debug|x64
		{C2F063D2-7539-4C77-9DDD-E135F67049D8}.Debug|x64.Build.0 = Debug|x64
		{C2F063D2-7539-4C77-9DDD-E135F67049D8}.Release|x64.ActiveCfg = Release|x64
		{C2F063D2-7539-4C77-9DDD-E135F67049D8}.Release|x64.Build.0 = Release|x64
		{7F7D8F62-47B9-4A98-BA03-C479EDB70EDB}.Debug|x64.ActiveCfg = Debug|x64
		{7F7D8F62-47B9-4A98-BA03-C479EDB70EDB}.Debug|x64.Build.0 = Debug|x64
		{7F7D8F62-47B9-4A98-BA03-C479EDB70EDB}.Release|x64.ActiveCfg = Release|x64
		{7F7D8F62-47B9-4A98-BA03-C479EDB70EDB}.Release|x64.Build.0 = Release|x64
		{AF5DEE0A-1307-4B0C-A641-9E617B14E14A}.Debug|x64.ActiveCfg = Debug|x64
		{AF5DEE0A-1307-4B0C-A641-9E617B14E14A}.Debug|x64.Build.0 = Debug|x64
		{AF5DEE0A-1307-4B0C-A641-9E617B14E14A}.Release|x64.ActiveCfg = Release|x64
		{AF5DEE0A-1307-4B0C-A641-9E617B14E14A}.Release|x64.Build.0 = Release|x64
		{25EC5637-EA0E-438C-B0BD-6EC2F7B1CFB6}.Debug|x64.ActiveCfg = Debug|x64
		{25EC5637-EA0E-438C-B0BD-6EC2F7B1CFB6}.Debug|x64.Build.0 = Debug|x64
		{25EC5637-EA0E-438C-B0BD-6EC2F7B1CFB6}.Release|x64.ActiveCfg = Release|x64
		{25EC5637-EA0E-438C-B0BD-6EC2F7B1CFB6}.Release|x64.Build.0 = Release|x64
		{899080EB-4531-438A-97C0-DDC890DFA5B1}.Debug|x64.ActiveCfg = Debug|x64
		{899080EB-4531-438A-97C0-DDC890DFA5B1}.Debug|x64.Build.0 = Debug|x64
		{899080EB-4531-438A-97C0-DDC890DFA5B1}.Release|x64.ActiveCfg = Release|x64
		{899080EB-4531-438A-97C0-DDC890DFA5B1}.Release|x64.Build.0 = Release|x64
	EndGlobalSection
	GlobalSection(SolutionProperties) = preSolution
		HideSolutionNode = FALSE
	EndGlobalSection
	GlobalSection(NestedProjects) = preSolution
		{273CDD90-1FA3-4953-B4C6-2C2091D6BB50} = {7D1224A3-A217-4AB4-A0F7-FE45AA4386C4}
		{C2F063D2-7539-4C77-9DDD-E135F67049D8} = {7D1224A3-A217-4AB4-A0F7-FE45AA4386C4}
		{7F7D8F62-47B9-4A98-BA03-C479EDB70EDB} = {7D1224A3-A217-4AB4-A0F7-FE45AA4386C4}
		{AF5DEE0A-1307-4B0C-A641-9E617B14E14A} = {7D1224A3-A217-4AB4-A0F7-FE45AA4386C4}
		{25EC5637-EA0E-438C-B0BD-6EC2F7B1CFB6} = {7D1224A3-A217-4AB4-A0F7-FE45AA4386C4}
		{899080EB-4531-438A-97C0-DDC890DFA5B1} = {7D1224A3-A217-4AB4-A0F7-FE45AA4386C4}
		{02EA681E-C7D8-13C7-8484-4AC65E1B71E8} = {8EC462FD-D22E-90A8-E5CE-7E832BA40C5D}
	EndGlobalSection
	GlobalSection(ExtensibilityGlobals) = postSolution
		SolutionGuid = {5F01EE0C-3E60-4D5E-A2C8-7462210A0BBC}
	EndGlobalSection
EndGlobal
