
Microsoft Visual Studio Solution File, Format Version 12.00
# Visual Studio Version 16
VisualStudioVersion = 16.0.30717.126
MinimumVisualStudioVersion = 10.0.40219.1
Project("{FAE04EC0-301F-11D3-BF4B-00C04F79EFBC}") = "MAT.Atlas.Plugins.Samples.HelloWorld", "MAT.Atlas.Plugins.Samples.HelloWorld\MAT.Atlas.Plugins.Samples.HelloWorld.csproj", "{731083C3-DDEA-4F94-82BE-BE20E9CAA299}"
EndProject
Project("{FAE04EC0-301F-11D3-BF4B-00C04F79EFBC}") = "MAT.Atlas.Plugins.Samples.HelloConsole", "MAT.Atlas.Plugins.Samples.HelloConsole\MAT.Atlas.Plugins.Samples.HelloConsole.csproj", "{D1B7382E-D7E3-43C1-A99A-C48407145FFC}"
EndProject
Project("{2150E333-8FDC-42A3-9474-1A3956D46DE8}") = "Actions", "Actions", "{66E0E623-D52E-4C83-9A9D-019384DF94D9}"
	ProjectSection(SolutionItems) = preProject
		.github\workflows\Check-References.ps1 = .github\workflows\Check-References.ps1
		.github\workflows\Get-Package-Version.ps1 = .github\workflows\Get-Package-Version.ps1
		.github\workflows\pr.yml = .github\workflows\pr.yml
	EndProjectSection
EndProject
Project("{2150E333-8FDC-42A3-9474-1A3956D46DE8}") = "scripts", "scripts", "{4E609ACD-3880-443C-8987-83368614696D}"
	ProjectSection(SolutionItems) = preProject
		scripts\deploy.bat = scripts\deploy.bat
	EndProjectSection
EndProject
Project("{2150E333-8FDC-42A3-9474-1A3956D46DE8}") = "Tutorials", "Tutorials", "{7D1224A3-A217-4AB4-A0F7-FE45AA4386C4}"
EndProject
Project("{FAE04EC0-301F-11D3-BF4B-00C04F79EFBC}") = "DisplayPluginLibrary", "DisplayPluginLibrary\DisplayPluginLibrary.csproj", "{273CDD90-1FA3-4953-B4C6-2C2091D6BB50}"
EndProject
Project("{FAE04EC0-301F-11D3-BF4B-00C04F79EFBC}") = "DriverDisplayPlugin", "DriverDisplayPlugin\DriverDisplayPlugin.csproj", "{C2F063D2-7539-4C77-9DDD-E135F67049D8}"
EndProject
Project("{FAE04EC0-301F-11D3-BF4B-00C04F79EFBC}") = "EnhancedDisplayPlugin", "EnhancedDisplayPlugin\EnhancedDisplayPlugin.csproj", "{7F7D8F62-47B9-4A98-BA03-C479EDB70EDB}"
EndProject
Project("{FAE04EC0-301F-11D3-BF4B-00C04F79EFBC}") = "NumericCompareDisplayPlugin", "NumericCompareDisplayPlugin\NumericCompareDisplayPlugin.csproj", "{AF5DEE0A-1307-4B0C-A641-9E617B14E14A}"
EndProject
Project("{FAE04EC0-301F-11D3-BF4B-00C04F79EFBC}") = "SampleDisplayPlugin", "SampleDisplayPlugin\SampleDisplayPlugin.csproj", "{25EC5637-EA0E-438C-B0BD-6EC2F7B1CFB6}"
EndProject
Project("{FAE04EC0-301F-11D3-BF4B-00C04F79EFBC}") = "SimpleGaugePlugin", "SimpleGaugePlugin\SimpleGaugePlugin.csproj", "{899080EB-4531-438A-97C0-DDC890DFA5B1}"
EndProject
Project("{FAE04EC0-301F-11D3-BF4B-00C04F79EFBC}") = "ShowWebPagePlugin", "ShowWebPagePlugin\ShowWebPagePlugin.csproj", "{093714DA-B8FF-47F6-98BB-2B62FF50731C}"
EndProject
Global
	GlobalSection(SolutionConfigurationPlatforms) = preSolution
		Debug|Any CPU = Debug|Any CPU
		Release|Any CPU = Release|Any CPU
	EndGlobalSection
	GlobalSection(ProjectConfigurationPlatforms) = postSolution
		{731083C3-DDEA-4F94-82BE-BE20E9CAA299}.Debug|Any CPU.ActiveCfg = Debug|Any CPU
		{731083C3-DDEA-4F94-82BE-BE20E9CAA299}.Debug|Any CPU.Build.0 = Debug|Any CPU
		{731083C3-DDEA-4F94-82BE-BE20E9CAA299}.Release|Any CPU.ActiveCfg = Release|Any CPU
		{731083C3-DDEA-4F94-82BE-BE20E9CAA299}.Release|Any CPU.Build.0 = Release|Any CPU
		{D1B7382E-D7E3-43C1-A99A-C48407145FFC}.Debug|Any CPU.ActiveCfg = Debug|Any CPU
		{D1B7382E-D7E3-43C1-A99A-C48407145FFC}.Debug|Any CPU.Build.0 = Debug|Any CPU
		{D1B7382E-D7E3-43C1-A99A-C48407145FFC}.Release|Any CPU.ActiveCfg = Release|Any CPU
		{D1B7382E-D7E3-43C1-A99A-C48407145FFC}.Release|Any CPU.Build.0 = Release|Any CPU
		{273CDD90-1FA3-4953-B4C6-2C2091D6BB50}.Debug|Any CPU.ActiveCfg = Debug|Any CPU
		{273CDD90-1FA3-4953-B4C6-2C2091D6BB50}.Debug|Any CPU.Build.0 = Debug|Any CPU
		{273CDD90-1FA3-4953-B4C6-2C2091D6BB50}.Release|Any CPU.ActiveCfg = Release|Any CPU
		{273CDD90-1FA3-4953-B4C6-2C2091D6BB50}.Release|Any CPU.Build.0 = Release|Any CPU
		{C2F063D2-7539-4C77-9DDD-E135F67049D8}.Debug|Any CPU.ActiveCfg = Debug|Any CPU
		{C2F063D2-7539-4C77-9DDD-E135F67049D8}.Debug|Any CPU.Build.0 = Debug|Any CPU
		{C2F063D2-7539-4C77-9DDD-E135F67049D8}.Release|Any CPU.ActiveCfg = Release|Any CPU
		{C2F063D2-7539-4C77-9DDD-E135F67049D8}.Release|Any CPU.Build.0 = Release|Any CPU
		{7F7D8F62-47B9-4A98-BA03-C479EDB70EDB}.Debug|Any CPU.ActiveCfg = Debug|Any CPU
		{7F7D8F62-47B9-4A98-BA03-C479EDB70EDB}.Debug|Any CPU.Build.0 = Debug|Any CPU
		{7F7D8F62-47B9-4A98-BA03-C479EDB70EDB}.Release|Any CPU.ActiveCfg = Release|Any CPU
		{7F7D8F62-47B9-4A98-BA03-C479EDB70EDB}.Release|Any CPU.Build.0 = Release|Any CPU
		{AF5DEE0A-1307-4B0C-A641-9E617B14E14A}.Debug|Any CPU.ActiveCfg = Debug|Any CPU
		{AF5DEE0A-1307-4B0C-A641-9E617B14E14A}.Debug|Any CPU.Build.0 = Debug|Any CPU
		{AF5DEE0A-1307-4B0C-A641-9E617B14E14A}.Release|Any CPU.ActiveCfg = Release|Any CPU
		{AF5DEE0A-1307-4B0C-A641-9E617B14E14A}.Release|Any CPU.Build.0 = Release|Any CPU
		{25EC5637-EA0E-438C-B0BD-6EC2F7B1CFB6}.Debug|Any CPU.ActiveCfg = Debug|Any CPU
		{25EC5637-EA0E-438C-B0BD-6EC2F7B1CFB6}.Debug|Any CPU.Build.0 = Debug|Any CPU
		{25EC5637-EA0E-438C-B0BD-6EC2F7B1CFB6}.Release|Any CPU.ActiveCfg = Release|Any CPU
		{25EC5637-EA0E-438C-B0BD-6EC2F7B1CFB6}.Release|Any CPU.Build.0 = Release|Any CPU
		{899080EB-4531-438A-97C0-DDC890DFA5B1}.Debug|Any CPU.ActiveCfg = Debug|Any CPU
		{899080EB-4531-438A-97C0-DDC890DFA5B1}.Debug|Any CPU.Build.0 = Debug|Any CPU
		{899080EB-4531-438A-97C0-DDC890DFA5B1}.Release|Any CPU.ActiveCfg = Release|Any CPU
		{899080EB-4531-438A-97C0-DDC890DFA5B1}.Release|Any CPU.Build.0 = Release|Any CPU
		{093714DA-B8FF-47F6-98BB-2B62FF50731C}.Debug|Any CPU.ActiveCfg = Debug|Any CPU
		{093714DA-B8FF-47F6-98BB-2B62FF50731C}.Debug|Any CPU.Build.0 = Debug|Any CPU
		{093714DA-B8FF-47F6-98BB-2B62FF50731C}.Release|Any CPU.ActiveCfg = Release|Any CPU
		{093714DA-B8FF-47F6-98BB-2B62FF50731C}.Release|Any CPU.Build.0 = Release|Any CPU
	EndGlobalSection
	GlobalSection(SolutionProperties) = preSolution
		HideSolutionNode = FALSE
	EndGlobalSection
	GlobalSection(NestedProjects) = preSolution
		{273CDD90-1FA3-4953-B4C6-2C2091D6BB50} = {7D1224A3-A217-4AB4-A0F7-FE45AA4386C4}
		{C2F063D2-7539-4C77-9DDD-E135F67049D8} = {7D1224A3-A217-4AB4-A0F7-FE45AA4386C4}
		{7F7D8F62-47B9-4A98-BA03-C479EDB70EDB} = {7D1224A3-A217-4AB4-A0F7-FE45AA4386C4}
		{AF5DEE0A-1307-4B0C-A641-9E617B14E14A} = {7D1224A3-A217-4AB4-A0F7-FE45AA4386C4}
		{25EC5637-EA0E-438C-B0BD-6EC2F7B1CFB6} = {7D1224A3-A217-4AB4-A0F7-FE45AA4386C4}
		{899080EB-4531-438A-97C0-DDC890DFA5B1} = {7D1224A3-A217-4AB4-A0F7-FE45AA4386C4}
		{093714DA-B8FF-47F6-98BB-2B62FF50731C} = {7D1224A3-A217-4AB4-A0F7-FE45AA4386C4}
	EndGlobalSection
	GlobalSection(ExtensibilityGlobals) = postSolution
		SolutionGuid = {5F01EE0C-3E60-4D5E-A2C8-7462210A0BBC}
	EndGlobalSection
EndGlobal
